
Microsoft Visual Studio Solution File, Format Version 12.00
# Visual Studio Version 16
VisualStudioVersion = 25.0.1700.0
MinimumVisualStudioVersion = 10.0.40219.1
Project("{FAE04EC0-301F-11D3-BF4B-00C04F79EFBC}") = "MoodBoard.Server", "..\src\Server\MoodBoard.Server.csproj", "{2AEBA6FC-ABED-4410-9D94-B1A9C5D9B009}"
EndProject
Project("{FAE04EC0-301F-11D3-BF4B-00C04F79EFBC}") = "MoodBoard.Client", "..\src\Client\MoodBoard.Client.csproj", "{1F7DFFD6-3EB6-4380-AEAF-A55FA6850484}"
EndProject
Project("{FAE04EC0-301F-11D3-BF4B-00C04F79EFBC}") = "MoodBoard.Shared", "..\src\Shared\MoodBoard.Shared.csproj", "{FAF311BC-7624-492F-AB84-174FFB880528}"
EndProject
Global
	GlobalSection(SolutionConfigurationPlatforms) = preSolution
		Debug|Any CPU = Debug|Any CPU
		Release|Any CPU = Release|Any CPU
	EndGlobalSection
	GlobalSection(ProjectConfigurationPlatforms) = postSolution
		{2AEBA6FC-ABED-4410-9D94-B1A9C5D9B009}.Debug|Any CPU.ActiveCfg = Debug|Any CPU
		{2AEBA6FC-ABED-4410-9D94-B1A9C5D9B009}.Debug|Any CPU.Build.0 = Debug|Any CPU
		{2AEBA6FC-ABED-4410-9D94-B1A9C5D9B009}.Release|Any CPU.ActiveCfg = Release|Any CPU
		{2AEBA6FC-ABED-4410-9D94-B1A9C5D9B009}.Release|Any CPU.Build.0 = Release|Any CPU
		{1F7DFFD6-3EB6-4380-AEAF-A55FA6850484}.Debug|Any CPU.ActiveCfg = Debug|Any CPU
		{1F7DFFD6-3EB6-4380-AEAF-A55FA6850484}.Debug|Any CPU.Build.0 = Debug|Any CPU
		{1F7DFFD6-3EB6-4380-AEAF-A55FA6850484}.Release|Any CPU.ActiveCfg = Release|Any CPU
		{1F7DFFD6-3EB6-4380-AEAF-A55FA6850484}.Release|Any CPU.Build.0 = Release|Any CPU
		{FAF311BC-7624-492F-AB84-174FFB880528}.Debug|Any CPU.ActiveCfg = Debug|Any CPU
		{FAF311BC-7624-492F-AB84-174FFB880528}.Debug|Any CPU.Build.0 = Debug|Any CPU
		{FAF311BC-7624-492F-AB84-174FFB880528}.Release|Any CPU.ActiveCfg = Release|Any CPU
		{FAF311BC-7624-492F-AB84-174FFB880528}.Release|Any CPU.Build.0 = Release|Any CPU
	EndGlobalSection
	GlobalSection(SolutionProperties) = preSolution
		HideSolutionNode = FALSE
	EndGlobalSection
	GlobalSection(ExtensibilityGlobals) = postSolution
		SolutionGuid = {89B393C2-B11D-4068-A159-172C96E54380}
	EndGlobalSection
EndGlobal
